{
  "nodes": {
    "home-manager": {
      "inputs": {
        "nixpkgs": "nixpkgs"
      },
      "locked": {
        "lastModified": 1727370457,
        "narHash": "sha256-YlTm2rgsf+UxxNnUCE/B/8bL9A3HOfPZD8l8EjlWm/Y=",
        "owner": "nix-community",
        "repo": "home-manager",
        "rev": "57e6b30d181ae6baff0909a61544ecbe1f642936",
        "type": "github"
      },
      "original": {
        "owner": "nix-community",
        "repo": "home-manager",
        "type": "github"
      }
    },
    "nix-flatpak": {
      "locked": {
        "lastModified": 1721549352,
        "narHash": "sha256-nlXJa8RSOX0kykrIYW33ukoHYq+FOSNztHLLgqKwOp8=",
        "owner": "gmodena",
        "repo": "nix-flatpak",
        "rev": "dbce39ea8664820ba9037caaf1e2fad365ed6b4b",
        "type": "github"
      },
      "original": {
        "owner": "gmodena",
        "repo": "nix-flatpak",
        "type": "github"
      }
    },
    "nixpkgs": {
      "locked": {
        "lastModified": 1726937504,
        "narHash": "sha256-bvGoiQBvponpZh8ClUcmJ6QnsNKw0EMrCQJARK3bI1c=",
        "owner": "NixOS",
        "repo": "nixpkgs",
        "rev": "9357f4f23713673f310988025d9dc261c20e70c6",
        "type": "github"
      },
      "original": {
        "owner": "NixOS",
        "ref": "nixos-unstable",
        "repo": "nixpkgs",
        "type": "github"
      }
    },
    "nixpkgs_2": {
      "locked": {
        "lastModified": 1727122398,
        "narHash": "sha256-o8VBeCWHBxGd4kVMceIayf5GApqTavJbTa44Xcg5Rrk=",
        "owner": "NixOS",
        "repo": "nixpkgs",
        "rev": "30439d93eb8b19861ccbe3e581abf97bdc91b093",
        "type": "github"
      },
      "original": {
        "owner": "NixOS",
        "ref": "nixos-unstable",
        "repo": "nixpkgs",
        "type": "github"
      }
    },
    "root": {
      "inputs": {
        "home-manager": "home-manager",
        "nix-flatpak": "nix-flatpak",
        "nixpkgs": "nixpkgs_2"
      }
    }
  },
  "root": "root",
  "version": 7
}
